# This file is automatically @generated by Wally.
# It is not intended for manual editing.
registry = "test"

[[package]]
name = "1foreverhd/topbarplus"
version = "3.4.0"
dependencies = []

[[package]]
name = "evaera/promise"
version = "4.0.0"
dependencies = []

[[package]]
name = "howmanysmall/janitor"
version = "1.18.3"
dependencies = [["Promise", "howmanysmall/typed-promise@4.0.6"]]

[[package]]
name = "howmanysmall/typed-promise"
version = "4.0.6"
dependencies = [["Promise", "evaera/promise@4.0.0"]]

[[package]]
name = "leifstout/dataservicetyped"
version = "1.0.4"
dependencies = [["Networker", "leifstout/networker@0.3.1"], ["ProfileStore", "lm-loleris/profilestore@1.0.3"], ["Signal", "sleitnick/signal@2.0.3"]]

[[package]]
name = "leifstout/networker"
version = "0.3.1"
dependencies = [["Signal", "sleitnick/signal@2.0.3"]]

[[package]]
name = "lm-loleris/profilestore"
version = "1.0.3"
dependencies = []

[[package]]
name = "osyrisrblx/t"
version = "3.1.1"
dependencies = []

[[package]]
name = "sleitnick/observers"
version = "0.5.0"
dependencies = []

[[package]]
name = "sleitnick/quaternion"
version = "0.2.3"
dependencies = []

[[package]]
name = "sleitnick/shake"
version = "1.1.0"
dependencies = []

[[package]]
name = "sleitnick/signal"
version = "2.0.3"
dependencies = []

[[package]]
name = "sleitnick/table-util"
version = "1.2.1"
dependencies = []

[[package]]
name = "stravant/goodsignal"
version = "0.3.1"
dependencies = []

[[package]]
name = "thecreare/fusion"
version = "0.4.0-dev1"
dependencies = []

[[package]]
name = "user/template"
version = "0.1.0"
dependencies = [["dataService", "leifstout/dataservicetyped@1.0.4"], ["fusion", "thecreare/fusion@0.4.0-dev1"], ["janitor", "howmanysmall/janitor@1.18.3"], ["networker", "leifstout/networker@0.3.1"], ["observers", "sleitnick/observers@0.5.0"], ["promise", "howmanysmall/typed-promise@4.0.6"], ["quaternion", "sleitnick/quaternion@0.2.3"], ["shake", "sleitnick/shake@1.1.0"], ["signal", "stravant/goodsignal@0.3.1"], ["t", "osyrisrblx/t@3.1.1"], ["tableUtil", "sleitnick/table-util@1.2.1"], ["topbarPlus", "1foreverhd/topbarplus@3.4.0"]]
